{
  "version": 4,
  "terraform_version": "1.8.4",
  "serial": 24,
  "lineage": "6bd17aa1-47fb-3537-c55e-fd98d1333aa4",
  "outputs": {},
  "resources": [
    {
      "mode": "managed",
      "type": "local_file",
      "name": "my-institute",
      "provider": "provider[\"registry.terraform.io/hashicorp/local\"]",
      "instances": [
        {
          "schema_version": 0,
          "attributes": {
            "content": "mubashir devops engineer",
            "content_base64": null,
            "content_base64sha256": "bzN6uBVGRO2C/sX1sXzMAH12PYzosHgkAr0waAbEAr4=",
            "content_base64sha512": "9fIYyRkq+H2L0pSxRdP3pM7qwtSir29ucD6oJ9oIWB5HhFkx1LKJjQvpgnYjilFxHHVXJTJjggs/RLYk/f2+Ig==",
            "content_md5": "b6233a8d2c806b5ce08048df16d6f953",
            "content_sha1": "e3b005f2b3b613dc5328f6a4d3a8d5a313b5687e",
            "content_sha256": "6f337ab8154644ed82fec5f5b17ccc007d763d8ce8b0782402bd306806c402be",
            "content_sha512": "f5f218c9192af87d8bd294b145d3f7a4ceeac2d4a2af6f6e703ea827da08581e47845931d4b2898d0be98276238a51711c7557253263820b3f44b624fdfdbe22",
            "directory_permission": "0777",
            "file_permission": "0777",
            "filename": "techiehorizon.txt",
            "id": "e3b005f2b3b613dc5328f6a4d3a8d5a313b5687e",
            "sensitive_content": null,
            "source": null
          },
          "sensitive_attributes": [
            [
              {
                "type": "get_attr",
                "value": "sensitive_content"
              }
            ]
          ]
        }
      ]
    },
    {
      "mode": "managed",
      "type": "random_pet",
      "name": "petname",
      "provider": "provider[\"registry.terraform.io/hashicorp/random\"]",
      "instances": [
        {
          "schema_version": 0,
          "attributes": {
            "id": "beagle",
            "keepers": null,
            "length": 1,
            "prefix": null,
            "separator": "."
          },
          "sensitive_attributes": []
        }
      ]
    }
  ],
  "check_results": null
}
